
Microsoft Visual Studio Solution File, Format Version 12.00
# Visual Studio 14
VisualStudioVersion = 14.0.25420.1
MinimumVisualStudioVersion = 10.0.40219.1
Project("{FAE04EC0-301F-11D3-BF4B-00C04F79EFBC}") = "CF.BL", "CF.BL\CF.BL.csproj", "{6FE64316-DF16-454B-B3A2-2B38E83EA5DA}"
EndProject
Project("{FAE04EC0-301F-11D3-BF4B-00C04F79EFBC}") = "CF.Tests", "CF.Tests\CF.Tests.csproj", "{27841534-E8DB-446F-9295-8CC12B52D512}"
EndProject
Project("{FAE04EC0-301F-11D3-BF4B-00C04F79EFBC}") = "CF.WPF", "CF.WPF\CF.WPF.csproj", "{C2181336-65B4-4BDE-9D04-24D331321317}"
EndProject
Project("{E24C65DC-7377-472B-9ABA-BC803B73C61A}") = "WebSite2", "..\..\..\Visual Studio 2015\WebSites\WebSite2\", "{FBCD4DFD-A744-486B-AC18-B655EA3EB2E9}"
	ProjectSection(WebsiteProperties) = preProject
		TargetFrameworkMoniker = ".NETFramework,Version%3Dv4.5.2"
		Debug.AspNetCompiler.VirtualPath = "/localhost_62775"
		Debug.AspNetCompiler.PhysicalPath = "..\..\..\Visual Studio 2015\WebSites\WebSite2\"
		Debug.AspNetCompiler.TargetPath = "PrecompiledWeb\localhost_62775\"
		Debug.AspNetCompiler.Updateable = "true"
		Debug.AspNetCompiler.ForceOverwrite = "true"
		Debug.AspNetCompiler.FixedNames = "false"
		Debug.AspNetCompiler.Debug = "True"
		Release.AspNetCompiler.VirtualPath = "/localhost_62775"
		Release.AspNetCompiler.PhysicalPath = "..\..\..\Visual Studio 2015\WebSites\WebSite2\"
		Release.AspNetCompiler.TargetPath = "PrecompiledWeb\localhost_62775\"
		Release.AspNetCompiler.Updateable = "true"
		Release.AspNetCompiler.ForceOverwrite = "true"
		Release.AspNetCompiler.FixedNames = "false"
		Release.AspNetCompiler.Debug = "False"
		VWDPort = "62775"
		SlnRelativePath = "..\..\..\Visual Studio 2015\WebSites\WebSite2\"
		DefaultWebSiteLanguage = "Visual C#"
	EndProjectSection
EndProject
Project("{FAE04EC0-301F-11D3-BF4B-00C04F79EFBC}") = "ConsoleApp", "ConsoleApp\ConsoleApp.csproj", "{EA3941BC-127B-43C1-8B41-EF095B5316AF}"
EndProject
Project("{FAE04EC0-301F-11D3-BF4B-00C04F79EFBC}") = "Common", "Common\Common.csproj", "{9255A2AF-3E44-4077-9EAC-2D96C71D2C19}"
EndProject
Global
	GlobalSection(SolutionConfigurationPlatforms) = preSolution
		Debug|Any CPU = Debug|Any CPU
		Release|Any CPU = Release|Any CPU
	EndGlobalSection
	GlobalSection(ProjectConfigurationPlatforms) = postSolution
		{6FE64316-DF16-454B-B3A2-2B38E83EA5DA}.Debug|Any CPU.ActiveCfg = Debug|Any CPU
		{6FE64316-DF16-454B-B3A2-2B38E83EA5DA}.Debug|Any CPU.Build.0 = Debug|Any CPU
		{6FE64316-DF16-454B-B3A2-2B38E83EA5DA}.Release|Any CPU.ActiveCfg = Release|Any CPU
		{6FE64316-DF16-454B-B3A2-2B38E83EA5DA}.Release|Any CPU.Build.0 = Release|Any CPU
		{27841534-E8DB-446F-9295-8CC12B52D512}.Debug|Any CPU.ActiveCfg = Debug|Any CPU
		{27841534-E8DB-446F-9295-8CC12B52D512}.Debug|Any CPU.Build.0 = Debug|Any CPU
		{27841534-E8DB-446F-9295-8CC12B52D512}.Release|Any CPU.ActiveCfg = Release|Any CPU
		{27841534-E8DB-446F-9295-8CC12B52D512}.Release|Any CPU.Build.0 = Release|Any CPU
		{C2181336-65B4-4BDE-9D04-24D331321317}.Debug|Any CPU.ActiveCfg = Debug|Any CPU
		{C2181336-65B4-4BDE-9D04-24D331321317}.Debug|Any CPU.Build.0 = Debug|Any CPU
		{C2181336-65B4-4BDE-9D04-24D331321317}.Release|Any CPU.ActiveCfg = Release|Any CPU
		{C2181336-65B4-4BDE-9D04-24D331321317}.Release|Any CPU.Build.0 = Release|Any CPU
		{FBCD4DFD-A744-486B-AC18-B655EA3EB2E9}.Debug|Any CPU.ActiveCfg = Debug|Any CPU
		{FBCD4DFD-A744-486B-AC18-B655EA3EB2E9}.Debug|Any CPU.Build.0 = Debug|Any CPU
		{FBCD4DFD-A744-486B-AC18-B655EA3EB2E9}.Release|Any CPU.ActiveCfg = Debug|Any CPU
		{FBCD4DFD-A744-486B-AC18-B655EA3EB2E9}.Release|Any CPU.Build.0 = Debug|Any CPU
		{EA3941BC-127B-43C1-8B41-EF095B5316AF}.Debug|Any CPU.ActiveCfg = Debug|Any CPU
		{EA3941BC-127B-43C1-8B41-EF095B5316AF}.Debug|Any CPU.Build.0 = Debug|Any CPU
		{EA3941BC-127B-43C1-8B41-EF095B5316AF}.Release|Any CPU.ActiveCfg = Release|Any CPU
		{EA3941BC-127B-43C1-8B41-EF095B5316AF}.Release|Any CPU.Build.0 = Release|Any CPU
		{9255A2AF-3E44-4077-9EAC-2D96C71D2C19}.Debug|Any CPU.ActiveCfg = Debug|Any CPU
		{9255A2AF-3E44-4077-9EAC-2D96C71D2C19}.Debug|Any CPU.Build.0 = Debug|Any CPU
		{9255A2AF-3E44-4077-9EAC-2D96C71D2C19}.Release|Any CPU.ActiveCfg = Release|Any CPU
		{9255A2AF-3E44-4077-9EAC-2D96C71D2C19}.Release|Any CPU.Build.0 = Release|Any CPU
	EndGlobalSection
	GlobalSection(SolutionProperties) = preSolution
		HideSolutionNode = FALSE
	EndGlobalSection
EndGlobal
