
Microsoft Visual Studio Solution File, Format Version 12.00
# Visual Studio 2013
VisualStudioVersion = 12.0.30723.0
MinimumVisualStudioVersion = 10.0.40219.1
Project("{FAE04EC0-301F-11D3-BF4B-00C04F79EFBC}") = "NinjaDomain.Classes", "NinjaDomain.Classes\NinjaDomain.Classes.csproj", "{0B6416F9-AF7E-4A36-821E-2F2CF5A8F395}"
EndProject
Project("{FAE04EC0-301F-11D3-BF4B-00C04F79EFBC}") = "NinjaDoman.DataModel", "NinjaDoman.DataModel\NinjaDoman.DataModel.csproj", "{DEF9AE04-85BF-487B-9270-53C944B86EB9}"
EndProject
Global
	GlobalSection(SolutionConfigurationPlatforms) = preSolution
		Debug|Any CPU = Debug|Any CPU
		Release|Any CPU = Release|Any CPU
	EndGlobalSection
	GlobalSection(ProjectConfigurationPlatforms) = postSolution
		{0B6416F9-AF7E-4A36-821E-2F2CF5A8F395}.Debug|Any CPU.ActiveCfg = Debug|Any CPU
		{0B6416F9-AF7E-4A36-821E-2F2CF5A8F395}.Debug|Any CPU.Build.0 = Debug|Any CPU
		{0B6416F9-AF7E-4A36-821E-2F2CF5A8F395}.Release|Any CPU.ActiveCfg = Release|Any CPU
		{0B6416F9-AF7E-4A36-821E-2F2CF5A8F395}.Release|Any CPU.Build.0 = Release|Any CPU
		{DEF9AE04-85BF-487B-9270-53C944B86EB9}.Debug|Any CPU.ActiveCfg = Debug|Any CPU
		{DEF9AE04-85BF-487B-9270-53C944B86EB9}.Debug|Any CPU.Build.0 = Debug|Any CPU
		{DEF9AE04-85BF-487B-9270-53C944B86EB9}.Release|Any CPU.ActiveCfg = Release|Any CPU
		{DEF9AE04-85BF-487B-9270-53C944B86EB9}.Release|Any CPU.Build.0 = Release|Any CPU
	EndGlobalSection
	GlobalSection(SolutionProperties) = preSolution
		HideSolutionNode = FALSE
	EndGlobalSection
EndGlobal
