
Microsoft Visual Studio Solution File, Format Version 12.00
# Visual Studio 14
VisualStudioVersion = 14.0.25420.1
MinimumVisualStudioVersion = 10.0.40219.1
Project("{FAE04EC0-301F-11D3-BF4B-00C04F79EFBC}") = "Practice", "StringFormat\Practice.csproj", "{82FEA3B2-E8F7-4F05-A40A-DC51082B7223}"
EndProject
Project("{FAE04EC0-301F-11D3-BF4B-00C04F79EFBC}") = "ClassLibrary", "ClassLibrary\ClassLibrary.csproj", "{17EF8DC4-4CF3-4522-B65F-0BB8AB5DEF44}"
EndProject
Project("{FAE04EC0-301F-11D3-BF4B-00C04F79EFBC}") = "WFApp", "WFApp\WFApp.csproj", "{5EBCFACD-9B35-4FCC-8648-3CF79486B71B}"
EndProject
Global
	GlobalSection(SolutionConfigurationPlatforms) = preSolution
		Debug|Any CPU = Debug|Any CPU
		Release|Any CPU = Release|Any CPU
	EndGlobalSection
	GlobalSection(ProjectConfigurationPlatforms) = postSolution
		{82FEA3B2-E8F7-4F05-A40A-DC51082B7223}.Debug|Any CPU.ActiveCfg = Debug|Any CPU
		{82FEA3B2-E8F7-4F05-A40A-DC51082B7223}.Debug|Any CPU.Build.0 = Debug|Any CPU
		{82FEA3B2-E8F7-4F05-A40A-DC51082B7223}.Release|Any CPU.ActiveCfg = Release|Any CPU
		{82FEA3B2-E8F7-4F05-A40A-DC51082B7223}.Release|Any CPU.Build.0 = Release|Any CPU
		{17EF8DC4-4CF3-4522-B65F-0BB8AB5DEF44}.Debug|Any CPU.ActiveCfg = Debug|Any CPU
		{17EF8DC4-4CF3-4522-B65F-0BB8AB5DEF44}.Debug|Any CPU.Build.0 = Debug|Any CPU
		{17EF8DC4-4CF3-4522-B65F-0BB8AB5DEF44}.Release|Any CPU.ActiveCfg = Release|Any CPU
		{17EF8DC4-4CF3-4522-B65F-0BB8AB5DEF44}.Release|Any CPU.Build.0 = Release|Any CPU
		{5EBCFACD-9B35-4FCC-8648-3CF79486B71B}.Debug|Any CPU.ActiveCfg = Debug|Any CPU
		{5EBCFACD-9B35-4FCC-8648-3CF79486B71B}.Debug|Any CPU.Build.0 = Debug|Any CPU
		{5EBCFACD-9B35-4FCC-8648-3CF79486B71B}.Release|Any CPU.ActiveCfg = Release|Any CPU
		{5EBCFACD-9B35-4FCC-8648-3CF79486B71B}.Release|Any CPU.Build.0 = Release|Any CPU
	EndGlobalSection
	GlobalSection(SolutionProperties) = preSolution
		HideSolutionNode = FALSE
	EndGlobalSection
EndGlobal
